
Microsoft Visual Studio Solution File, Format Version 12.00
# Visual Studio Version 17
VisualStudioVersion = 17.5.002.0
MinimumVisualStudioVersion = 10.0.40219.1
Project("{9A19103F-16F7-4668-BE54-9A1E7A4F7556}") = "app", "day2 copy\app.csproj", "{3C30E85B-7747-47D0-97AB-00CB1CF18251}"
EndProject
Project("{9A19103F-16F7-4668-BE54-9A1E7A4F7556}") = "app (1)", "day2 copy 3\app.csproj", "{5F1B4AC7-48B5-46EE-B7DC-1284C298FE4B}"
EndProject
Project("{9A19103F-16F7-4668-BE54-9A1E7A4F7556}") = "app (2)", "day1\app.csproj", "{72061C12-B364-4EE9-803B-5164B22CBEB9}"
EndProject
Project("{9A19103F-16F7-4668-BE54-9A1E7A4F7556}") = "app (3)", "day2 copy 2\app.csproj", "{E255EDAE-DD50-4E02-A5B1-C44E33383775}"
EndProject
Project("{9A19103F-16F7-4668-BE54-9A1E7A4F7556}") = "app (4)", "day2\app.csproj", "{4DDB00CB-8656-4E97-971F-3968B1671B7A}"
EndProject
Global
	GlobalSection(SolutionConfigurationPlatforms) = preSolution
		Debug|Any CPU = Debug|Any CPU
		Release|Any CPU = Release|Any CPU
	EndGlobalSection
	GlobalSection(ProjectConfigurationPlatforms) = postSolution
		{3C30E85B-7747-47D0-97AB-00CB1CF18251}.Debug|Any CPU.ActiveCfg = Debug|Any CPU
		{3C30E85B-7747-47D0-97AB-00CB1CF18251}.Debug|Any CPU.Build.0 = Debug|Any CPU
		{3C30E85B-7747-47D0-97AB-00CB1CF18251}.Release|Any CPU.ActiveCfg = Release|Any CPU
		{3C30E85B-7747-47D0-97AB-00CB1CF18251}.Release|Any CPU.Build.0 = Release|Any CPU
		{5F1B4AC7-48B5-46EE-B7DC-1284C298FE4B}.Debug|Any CPU.ActiveCfg = Debug|Any CPU
		{5F1B4AC7-48B5-46EE-B7DC-1284C298FE4B}.Debug|Any CPU.Build.0 = Debug|Any CPU
		{5F1B4AC7-48B5-46EE-B7DC-1284C298FE4B}.Release|Any CPU.ActiveCfg = Release|Any CPU
		{5F1B4AC7-48B5-46EE-B7DC-1284C298FE4B}.Release|Any CPU.Build.0 = Release|Any CPU
		{72061C12-B364-4EE9-803B-5164B22CBEB9}.Debug|Any CPU.ActiveCfg = Debug|Any CPU
		{72061C12-B364-4EE9-803B-5164B22CBEB9}.Debug|Any CPU.Build.0 = Debug|Any CPU
		{72061C12-B364-4EE9-803B-5164B22CBEB9}.Release|Any CPU.ActiveCfg = Release|Any CPU
		{72061C12-B364-4EE9-803B-5164B22CBEB9}.Release|Any CPU.Build.0 = Release|Any CPU
		{E255EDAE-DD50-4E02-A5B1-C44E33383775}.Debug|Any CPU.ActiveCfg = Debug|Any CPU
		{E255EDAE-DD50-4E02-A5B1-C44E33383775}.Debug|Any CPU.Build.0 = Debug|Any CPU
		{E255EDAE-DD50-4E02-A5B1-C44E33383775}.Release|Any CPU.ActiveCfg = Release|Any CPU
		{E255EDAE-DD50-4E02-A5B1-C44E33383775}.Release|Any CPU.Build.0 = Release|Any CPU
		{4DDB00CB-8656-4E97-971F-3968B1671B7A}.Debug|Any CPU.ActiveCfg = Debug|Any CPU
		{4DDB00CB-8656-4E97-971F-3968B1671B7A}.Debug|Any CPU.Build.0 = Debug|Any CPU
		{4DDB00CB-8656-4E97-971F-3968B1671B7A}.Release|Any CPU.ActiveCfg = Release|Any CPU
		{4DDB00CB-8656-4E97-971F-3968B1671B7A}.Release|Any CPU.Build.0 = Release|Any CPU
	EndGlobalSection
	GlobalSection(SolutionProperties) = preSolution
		HideSolutionNode = FALSE
	EndGlobalSection
	GlobalSection(ExtensibilityGlobals) = postSolution
		SolutionGuid = {F0B35AC9-F84D-41FE-B77B-46658B8F082C}
	EndGlobalSection
EndGlobal
